
Microsoft Visual Studio Solution File, Format Version 12.00
# Visual Studio Version 16
VisualStudioVersion = 16.0.29613.14
MinimumVisualStudioVersion = 10.0.40219.1
Project("{FAE04EC0-301F-11D3-BF4B-00C04F79EFBC}") = "TestBlazorComp", "TestBlazorComp\TestBlazorComp.csproj", "{6C4119AE-27DD-443E-9886-849308C21448}"
EndProject
Project("{FAE04EC0-301F-11D3-BF4B-00C04F79EFBC}") = "TestBlazorLib", "TestBlazorLib\TestBlazorLib.csproj", "{11122F3C-447A-4EA8-9A0D-DDE912EED87A}"
EndProject
Global
	GlobalSection(SolutionConfigurationPlatforms) = preSolution
		Debug|Any CPU = Debug|Any CPU
		Release|Any CPU = Release|Any CPU
	EndGlobalSection
	GlobalSection(ProjectConfigurationPlatforms) = postSolution
		{6C4119AE-27DD-443E-9886-849308C21448}.Debug|Any CPU.ActiveCfg = Debug|Any CPU
		{6C4119AE-27DD-443E-9886-849308C21448}.Debug|Any CPU.Build.0 = Debug|Any CPU
		{6C4119AE-27DD-443E-9886-849308C21448}.Release|Any CPU.ActiveCfg = Release|Any CPU
		{6C4119AE-27DD-443E-9886-849308C21448}.Release|Any CPU.Build.0 = Release|Any CPU
		{11122F3C-447A-4EA8-9A0D-DDE912EED87A}.Debug|Any CPU.ActiveCfg = Debug|Any CPU
		{11122F3C-447A-4EA8-9A0D-DDE912EED87A}.Debug|Any CPU.Build.0 = Debug|Any CPU
		{11122F3C-447A-4EA8-9A0D-DDE912EED87A}.Release|Any CPU.ActiveCfg = Release|Any CPU
		{11122F3C-447A-4EA8-9A0D-DDE912EED87A}.Release|Any CPU.Build.0 = Release|Any CPU
	EndGlobalSection
	GlobalSection(SolutionProperties) = preSolution
		HideSolutionNode = FALSE
	EndGlobalSection
	GlobalSection(ExtensibilityGlobals) = postSolution
		SolutionGuid = {C9740265-C208-4D58-93DC-4494F13191A6}
	EndGlobalSection
EndGlobal
