
Microsoft Visual Studio Solution File, Format Version 12.00
# Visual Studio Version 17
VisualStudioVersion = 17.1.32319.34
MinimumVisualStudioVersion = 10.0.40219.1
Project("{9A19103F-16F7-4668-BE54-9A1E7A4F7556}") = "MapsterCodeGenerating.Domain", "MapsterCodeGenerating.Domain\MapsterCodeGenerating.Domain.csproj", "{8592D4BC-B0E2-44DF-AEBE-169E07FA8CED}"
EndProject
Project("{FAE04EC0-301F-11D3-BF4B-00C04F79EFBC}") = "MapsterCodeGenerating.Application", "MapsterCodeGenerating.Application\MapsterCodeGenerating.Application.csproj", "{6E818F60-378D-41B5-B490-33E4A170DF47}"
EndProject
Project("{FAE04EC0-301F-11D3-BF4B-00C04F79EFBC}") = "MapsterCodeGenerating.Application.Dtos", "MapsterCodeGenerating.Application.Dtos\MapsterCodeGenerating.Application.Dtos.csproj", "{AA1ACDE1-261A-4BDC-9EE0-E155EAE0EE2B}"
EndProject
Global
	GlobalSection(SolutionConfigurationPlatforms) = preSolution
		Debug|Any CPU = Debug|Any CPU
		Release|Any CPU = Release|Any CPU
	EndGlobalSection
	GlobalSection(ProjectConfigurationPlatforms) = postSolution
		{8592D4BC-B0E2-44DF-AEBE-169E07FA8CED}.Debug|Any CPU.ActiveCfg = Debug|Any CPU
		{8592D4BC-B0E2-44DF-AEBE-169E07FA8CED}.Debug|Any CPU.Build.0 = Debug|Any CPU
		{8592D4BC-B0E2-44DF-AEBE-169E07FA8CED}.Release|Any CPU.ActiveCfg = Release|Any CPU
		{8592D4BC-B0E2-44DF-AEBE-169E07FA8CED}.Release|Any CPU.Build.0 = Release|Any CPU
		{6E818F60-378D-41B5-B490-33E4A170DF47}.Debug|Any CPU.ActiveCfg = Debug|Any CPU
		{6E818F60-378D-41B5-B490-33E4A170DF47}.Debug|Any CPU.Build.0 = Debug|Any CPU
		{6E818F60-378D-41B5-B490-33E4A170DF47}.Release|Any CPU.ActiveCfg = Release|Any CPU
		{6E818F60-378D-41B5-B490-33E4A170DF47}.Release|Any CPU.Build.0 = Release|Any CPU
		{AA1ACDE1-261A-4BDC-9EE0-E155EAE0EE2B}.Debug|Any CPU.ActiveCfg = Debug|Any CPU
		{AA1ACDE1-261A-4BDC-9EE0-E155EAE0EE2B}.Debug|Any CPU.Build.0 = Debug|Any CPU
		{AA1ACDE1-261A-4BDC-9EE0-E155EAE0EE2B}.Release|Any CPU.ActiveCfg = Release|Any CPU
		{AA1ACDE1-261A-4BDC-9EE0-E155EAE0EE2B}.Release|Any CPU.Build.0 = Release|Any CPU
	EndGlobalSection
	GlobalSection(SolutionProperties) = preSolution
		HideSolutionNode = FALSE
	EndGlobalSection
	GlobalSection(ExtensibilityGlobals) = postSolution
		SolutionGuid = {6279C9BD-75B8-4D68-8B8B-2E1E0024AA13}
	EndGlobalSection
EndGlobal
