
Microsoft Visual Studio Solution File, Format Version 12.00
# Visual Studio Version 17
VisualStudioVersion = 17.0.31521.260
MinimumVisualStudioVersion = 10.0.40219.1
Project("{FAE04EC0-301F-11D3-BF4B-00C04F79EFBC}") = "BlazorExceptions.Server", "BlazorExceptions\Server\BlazorExceptions.Server.csproj", "{37D8D83F-7901-4EFE-A2A1-82DBD88497C4}"
EndProject
Project("{FAE04EC0-301F-11D3-BF4B-00C04F79EFBC}") = "BlazorExceptions.Client", "BlazorExceptions\Client\BlazorExceptions.Client.csproj", "{C2E9575E-BCF1-4ACC-A4CD-5476D98A389D}"
EndProject
Project("{FAE04EC0-301F-11D3-BF4B-00C04F79EFBC}") = "BlazorExceptions.Shared", "BlazorExceptions\Shared\BlazorExceptions.Shared.csproj", "{412CC5C6-CE86-4531-9E83-3F291E5B1564}"
EndProject
Global
	GlobalSection(SolutionConfigurationPlatforms) = preSolution
		Debug|Any CPU = Debug|Any CPU
		Release|Any CPU = Release|Any CPU
	EndGlobalSection
	GlobalSection(ProjectConfigurationPlatforms) = postSolution
		{37D8D83F-7901-4EFE-A2A1-82DBD88497C4}.Debug|Any CPU.ActiveCfg = Debug|Any CPU
		{37D8D83F-7901-4EFE-A2A1-82DBD88497C4}.Debug|Any CPU.Build.0 = Debug|Any CPU
		{37D8D83F-7901-4EFE-A2A1-82DBD88497C4}.Release|Any CPU.ActiveCfg = Release|Any CPU
		{37D8D83F-7901-4EFE-A2A1-82DBD88497C4}.Release|Any CPU.Build.0 = Release|Any CPU
		{C2E9575E-BCF1-4ACC-A4CD-5476D98A389D}.Debug|Any CPU.ActiveCfg = Debug|Any CPU
		{C2E9575E-BCF1-4ACC-A4CD-5476D98A389D}.Debug|Any CPU.Build.0 = Debug|Any CPU
		{C2E9575E-BCF1-4ACC-A4CD-5476D98A389D}.Release|Any CPU.ActiveCfg = Release|Any CPU
		{C2E9575E-BCF1-4ACC-A4CD-5476D98A389D}.Release|Any CPU.Build.0 = Release|Any CPU
		{412CC5C6-CE86-4531-9E83-3F291E5B1564}.Debug|Any CPU.ActiveCfg = Debug|Any CPU
		{412CC5C6-CE86-4531-9E83-3F291E5B1564}.Debug|Any CPU.Build.0 = Debug|Any CPU
		{412CC5C6-CE86-4531-9E83-3F291E5B1564}.Release|Any CPU.ActiveCfg = Release|Any CPU
		{412CC5C6-CE86-4531-9E83-3F291E5B1564}.Release|Any CPU.Build.0 = Release|Any CPU
	EndGlobalSection
	GlobalSection(SolutionProperties) = preSolution
		HideSolutionNode = FALSE
	EndGlobalSection
	GlobalSection(ExtensibilityGlobals) = postSolution
		SolutionGuid = {EE84A23F-08AE-450F-9EA0-6C6E8D034E80}
	EndGlobalSection
EndGlobal
